
Microsoft Visual Studio Solution File, Format Version 12.00
# Visual Studio Version 17
VisualStudioVersion = 17.13.35931.197 d17.13
MinimumVisualStudioVersion = 10.0.40219.1
Project("{FAE04EC0-301F-11D3-BF4B-00C04F79EFBC}") = "BlazorLayout", "BlazorLayout.csproj", "{F428FBA7-C60F-4389-83B8-D729A4FC3262}"
EndProject
Global
	GlobalSection(SolutionConfigurationPlatforms) = preSolution
		Debug|Any CPU = Debug|Any CPU
		Release|Any CPU = Release|Any CPU
	EndGlobalSection
	GlobalSection(ProjectConfigurationPlatforms) = postSolution
		{F428FBA7-C60F-4389-83B8-D729A4FC3262}.Debug|Any CPU.ActiveCfg = Debug|Any CPU
		{F428FBA7-C60F-4389-83B8-D729A4FC3262}.Debug|Any CPU.Build.0 = Debug|Any CPU
		{F428FBA7-C60F-4389-83B8-D729A4FC3262}.Release|Any CPU.ActiveCfg = Release|Any CPU
		{F428FBA7-C60F-4389-83B8-D729A4FC3262}.Release|Any CPU.Build.0 = Release|Any CPU
	EndGlobalSection
	GlobalSection(SolutionProperties) = preSolution
		HideSolutionNode = FALSE
	EndGlobalSection
	GlobalSection(ExtensibilityGlobals) = postSolution
		SolutionGuid = {4DEC0C31-CD19-4675-9ABE-B2D67F8491DA}
	EndGlobalSection
EndGlobal
